
Microsoft Visual Studio Solution File, Format Version 12.00
# Visual Studio Version 17
VisualStudioVersion = 17.10.35013.160
MinimumVisualStudioVersion = 10.0.40219.1
Project("{9A19103F-16F7-4668-BE54-9A1E7A4F7556}") = "ETicaretClient", "ETicaretClient.csproj", "{0A91A7C0-687D-419E-AE17-CE456F93FF05}"
EndProject
Global
	GlobalSection(SolutionConfigurationPlatforms) = preSolution
		Debug|Any CPU = Debug|Any CPU
		Release|Any CPU = Release|Any CPU
	EndGlobalSection
	GlobalSection(ProjectConfigurationPlatforms) = postSolution
		{0A91A7C0-687D-419E-AE17-CE456F93FF05}.Debug|Any CPU.ActiveCfg = Debug|Any CPU
		{0A91A7C0-687D-419E-AE17-CE456F93FF05}.Debug|Any CPU.Build.0 = Debug|Any CPU
		{0A91A7C0-687D-419E-AE17-CE456F93FF05}.Release|Any CPU.ActiveCfg = Release|Any CPU
		{0A91A7C0-687D-419E-AE17-CE456F93FF05}.Release|Any CPU.Build.0 = Release|Any CPU
	EndGlobalSection
	GlobalSection(SolutionProperties) = preSolution
		HideSolutionNode = FALSE
	EndGlobalSection
	GlobalSection(ExtensibilityGlobals) = postSolution
		SolutionGuid = {7211DD82-F9EB-4AE7-B805-2F76B32060BB}
	EndGlobalSection
EndGlobal
